
Microsoft Visual Studio Solution File, Format Version 12.00
# Visual Studio Version 17
VisualStudioVersion = 17.6.33829.357
MinimumVisualStudioVersion = 10.0.40219.1
Project("{FAE04EC0-301F-11D3-BF4B-00C04F79EFBC}") = "ModuloAPI", "ModuloAPI.csproj", "{A54956F1-EE4E-4C7B-97D0-905BA82DA360}"
EndProject
Global
	GlobalSection(SolutionConfigurationPlatforms) = preSolution
		Debug|Any CPU = Debug|Any CPU
		Release|Any CPU = Release|Any CPU
	EndGlobalSection
	GlobalSection(ProjectConfigurationPlatforms) = postSolution
		{A54956F1-EE4E-4C7B-97D0-905BA82DA360}.Debug|Any CPU.ActiveCfg = Debug|Any CPU
		{A54956F1-EE4E-4C7B-97D0-905BA82DA360}.Debug|Any CPU.Build.0 = Debug|Any CPU
		{A54956F1-EE4E-4C7B-97D0-905BA82DA360}.Release|Any CPU.ActiveCfg = Release|Any CPU
		{A54956F1-EE4E-4C7B-97D0-905BA82DA360}.Release|Any CPU.Build.0 = Release|Any CPU
	EndGlobalSection
	GlobalSection(SolutionProperties) = preSolution
		HideSolutionNode = FALSE
	EndGlobalSection
	GlobalSection(ExtensibilityGlobals) = postSolution
		SolutionGuid = {AEF9E53D-FC01-4425-AE08-8F4FA1BCC3F9}
	EndGlobalSection
EndGlobal
